
Microsoft Visual Studio Solution File, Format Version 12.00
# Visual Studio Version 17
VisualStudioVersion = 17.4.33205.214
MinimumVisualStudioVersion = 10.0.40219.1
Project("{2150E333-8FDC-42A3-9474-1A3956D46DE8}") = "BookingService", "BookingService", "{E4F5B689-B393-4015-A3EA-C5BB6C9475BB}"
EndProject
Project("{2150E333-8FDC-42A3-9474-1A3956D46DE8}") = "PaymentService", "PaymentService", "{CC07895B-78DF-4DE7-94E8-27644905E089}"
EndProject
Project("{2150E333-8FDC-42A3-9474-1A3956D46DE8}") = "Core", "Core", "{645D3676-F0A9-4F04-A6DE-7AA8C76AB446}"
EndProject
Project("{2150E333-8FDC-42A3-9474-1A3956D46DE8}") = "Domain", "Domain", "{921F93B7-4064-427E-BE3E-BEF53C4EB0B9}"
EndProject
Project("{2150E333-8FDC-42A3-9474-1A3956D46DE8}") = "Application", "Application", "{49FA3FBE-5936-4046-83CA-7309D8F04548}"
EndProject
Project("{2150E333-8FDC-42A3-9474-1A3956D46DE8}") = "Adapters", "Adapters", "{1082B698-F6DB-4BAA-9AEB-7E10992DEB55}"
EndProject
Project("{2150E333-8FDC-42A3-9474-1A3956D46DE8}") = "Consumers", "Consumers", "{D7BC2A47-719C-44D5-AD5C-6879374AAB54}"
EndProject
Project("{2150E333-8FDC-42A3-9474-1A3956D46DE8}") = "Tests", "Tests", "{D1F80B9D-5B6B-49B8-AF27-6C0F448C18F0}"
EndProject
Project("{2150E333-8FDC-42A3-9474-1A3956D46DE8}") = "Domain", "Domain", "{D080908C-6A46-4402-A857-B42251845614}"
EndProject
Project("{2150E333-8FDC-42A3-9474-1A3956D46DE8}") = "Application", "Application", "{5917485D-A36F-42BB-B3E7-B8B94769AE1D}"
EndProject
Project("{2150E333-8FDC-42A3-9474-1A3956D46DE8}") = "Adapters", "Adapters", "{FE34B0B7-4360-4BCD-9FB1-9E4DBA435537}"
EndProject
Project("{9A19103F-16F7-4668-BE54-9A1E7A4F7556}") = "DomainTests", "BookingService\Tests\Domain\DomainTests\DomainTests.csproj", "{7DAC4103-56E0-42CF-A126-0E1DCBA693CE}"
EndProject
Project("{9A19103F-16F7-4668-BE54-9A1E7A4F7556}") = "ApplicationTests", "BookingService\Tests\Application\ApplicationTests\ApplicationTests.csproj", "{DCB7B00D-F6CC-497A-B527-11D82BD9F6E0}"
EndProject
Project("{9A19103F-16F7-4668-BE54-9A1E7A4F7556}") = "AdaptersTests", "BookingService\Tests\Adapters\AdaptersTests\AdaptersTests.csproj", "{56C1DE06-733A-4F81-AAB0-0595B97334B4}"
EndProject
Project("{9A19103F-16F7-4668-BE54-9A1E7A4F7556}") = "API", "BookingService\Consumers\API\API.csproj", "{1FE4D33E-C93B-4DB7-8ED2-F69D2003224D}"
EndProject
Project("{9A19103F-16F7-4668-BE54-9A1E7A4F7556}") = "Data", "BookingService\Adapters\Data\Data.csproj", "{27A55B5E-F767-457B-932E-D99CCA23AC68}"
EndProject
Project("{9A19103F-16F7-4668-BE54-9A1E7A4F7556}") = "Domain", "BookingService\Core\Domain\Domain.csproj", "{3247B173-A36E-4642-8A22-8F005A160900}"
EndProject
Project("{9A19103F-16F7-4668-BE54-9A1E7A4F7556}") = "Application", "BookingService\Core\Application\Application.csproj", "{1C71DDFC-E26A-4678-8195-B5C6BFC9F132}"
EndProject
Project("{2150E333-8FDC-42A3-9474-1A3956D46DE8}") = "Core", "Core", "{AD22F13E-BBDD-4DDD-94CC-72F02FEDC72D}"
EndProject
Project("{2150E333-8FDC-42A3-9474-1A3956D46DE8}") = "Application", "Application", "{97AF480C-AEE1-416A-A6D8-32293F514D22}"
EndProject
Project("{2150E333-8FDC-42A3-9474-1A3956D46DE8}") = "Domain", "Domain", "{DDBD63A2-1346-4E6B-BDE7-B7EE6764EF1D}"
EndProject
Project("{FAE04EC0-301F-11D3-BF4B-00C04F79EFBC}") = "Payment.Application", "PaymentsService\core\Application\Application\Payment.Application.csproj", "{03446A88-237D-4ECE-A933-AC480EE0C72B}"
EndProject
Global
	GlobalSection(SolutionConfigurationPlatforms) = preSolution
		Debug|Any CPU = Debug|Any CPU
		Release|Any CPU = Release|Any CPU
	EndGlobalSection
	GlobalSection(ProjectConfigurationPlatforms) = postSolution
		{7DAC4103-56E0-42CF-A126-0E1DCBA693CE}.Debug|Any CPU.ActiveCfg = Debug|Any CPU
		{7DAC4103-56E0-42CF-A126-0E1DCBA693CE}.Debug|Any CPU.Build.0 = Debug|Any CPU
		{7DAC4103-56E0-42CF-A126-0E1DCBA693CE}.Release|Any CPU.ActiveCfg = Release|Any CPU
		{7DAC4103-56E0-42CF-A126-0E1DCBA693CE}.Release|Any CPU.Build.0 = Release|Any CPU
		{DCB7B00D-F6CC-497A-B527-11D82BD9F6E0}.Debug|Any CPU.ActiveCfg = Debug|Any CPU
		{DCB7B00D-F6CC-497A-B527-11D82BD9F6E0}.Debug|Any CPU.Build.0 = Debug|Any CPU
		{DCB7B00D-F6CC-497A-B527-11D82BD9F6E0}.Release|Any CPU.ActiveCfg = Release|Any CPU
		{DCB7B00D-F6CC-497A-B527-11D82BD9F6E0}.Release|Any CPU.Build.0 = Release|Any CPU
		{56C1DE06-733A-4F81-AAB0-0595B97334B4}.Debug|Any CPU.ActiveCfg = Debug|Any CPU
		{56C1DE06-733A-4F81-AAB0-0595B97334B4}.Debug|Any CPU.Build.0 = Debug|Any CPU
		{56C1DE06-733A-4F81-AAB0-0595B97334B4}.Release|Any CPU.ActiveCfg = Release|Any CPU
		{56C1DE06-733A-4F81-AAB0-0595B97334B4}.Release|Any CPU.Build.0 = Release|Any CPU
		{1FE4D33E-C93B-4DB7-8ED2-F69D2003224D}.Debug|Any CPU.ActiveCfg = Debug|Any CPU
		{1FE4D33E-C93B-4DB7-8ED2-F69D2003224D}.Debug|Any CPU.Build.0 = Debug|Any CPU
		{1FE4D33E-C93B-4DB7-8ED2-F69D2003224D}.Release|Any CPU.ActiveCfg = Release|Any CPU
		{1FE4D33E-C93B-4DB7-8ED2-F69D2003224D}.Release|Any CPU.Build.0 = Release|Any CPU
		{27A55B5E-F767-457B-932E-D99CCA23AC68}.Debug|Any CPU.ActiveCfg = Debug|Any CPU
		{27A55B5E-F767-457B-932E-D99CCA23AC68}.Debug|Any CPU.Build.0 = Debug|Any CPU
		{27A55B5E-F767-457B-932E-D99CCA23AC68}.Release|Any CPU.ActiveCfg = Release|Any CPU
		{27A55B5E-F767-457B-932E-D99CCA23AC68}.Release|Any CPU.Build.0 = Release|Any CPU
		{3247B173-A36E-4642-8A22-8F005A160900}.Debug|Any CPU.ActiveCfg = Debug|Any CPU
		{3247B173-A36E-4642-8A22-8F005A160900}.Debug|Any CPU.Build.0 = Debug|Any CPU
		{3247B173-A36E-4642-8A22-8F005A160900}.Release|Any CPU.ActiveCfg = Release|Any CPU
		{3247B173-A36E-4642-8A22-8F005A160900}.Release|Any CPU.Build.0 = Release|Any CPU
		{1C71DDFC-E26A-4678-8195-B5C6BFC9F132}.Debug|Any CPU.ActiveCfg = Debug|Any CPU
		{1C71DDFC-E26A-4678-8195-B5C6BFC9F132}.Debug|Any CPU.Build.0 = Debug|Any CPU
		{1C71DDFC-E26A-4678-8195-B5C6BFC9F132}.Release|Any CPU.ActiveCfg = Release|Any CPU
		{1C71DDFC-E26A-4678-8195-B5C6BFC9F132}.Release|Any CPU.Build.0 = Release|Any CPU
		{03446A88-237D-4ECE-A933-AC480EE0C72B}.Debug|Any CPU.ActiveCfg = Debug|Any CPU
		{03446A88-237D-4ECE-A933-AC480EE0C72B}.Debug|Any CPU.Build.0 = Debug|Any CPU
		{03446A88-237D-4ECE-A933-AC480EE0C72B}.Release|Any CPU.ActiveCfg = Release|Any CPU
		{03446A88-237D-4ECE-A933-AC480EE0C72B}.Release|Any CPU.Build.0 = Release|Any CPU
	EndGlobalSection
	GlobalSection(SolutionProperties) = preSolution
		HideSolutionNode = FALSE
	EndGlobalSection
	GlobalSection(NestedProjects) = preSolution
		{645D3676-F0A9-4F04-A6DE-7AA8C76AB446} = {E4F5B689-B393-4015-A3EA-C5BB6C9475BB}
		{921F93B7-4064-427E-BE3E-BEF53C4EB0B9} = {645D3676-F0A9-4F04-A6DE-7AA8C76AB446}
		{49FA3FBE-5936-4046-83CA-7309D8F04548} = {645D3676-F0A9-4F04-A6DE-7AA8C76AB446}
		{1082B698-F6DB-4BAA-9AEB-7E10992DEB55} = {E4F5B689-B393-4015-A3EA-C5BB6C9475BB}
		{D7BC2A47-719C-44D5-AD5C-6879374AAB54} = {E4F5B689-B393-4015-A3EA-C5BB6C9475BB}
		{D1F80B9D-5B6B-49B8-AF27-6C0F448C18F0} = {E4F5B689-B393-4015-A3EA-C5BB6C9475BB}
		{D080908C-6A46-4402-A857-B42251845614} = {D1F80B9D-5B6B-49B8-AF27-6C0F448C18F0}
		{5917485D-A36F-42BB-B3E7-B8B94769AE1D} = {D1F80B9D-5B6B-49B8-AF27-6C0F448C18F0}
		{FE34B0B7-4360-4BCD-9FB1-9E4DBA435537} = {D1F80B9D-5B6B-49B8-AF27-6C0F448C18F0}
		{7DAC4103-56E0-42CF-A126-0E1DCBA693CE} = {D080908C-6A46-4402-A857-B42251845614}
		{DCB7B00D-F6CC-497A-B527-11D82BD9F6E0} = {5917485D-A36F-42BB-B3E7-B8B94769AE1D}
		{56C1DE06-733A-4F81-AAB0-0595B97334B4} = {FE34B0B7-4360-4BCD-9FB1-9E4DBA435537}
		{1FE4D33E-C93B-4DB7-8ED2-F69D2003224D} = {D7BC2A47-719C-44D5-AD5C-6879374AAB54}
		{27A55B5E-F767-457B-932E-D99CCA23AC68} = {1082B698-F6DB-4BAA-9AEB-7E10992DEB55}
		{3247B173-A36E-4642-8A22-8F005A160900} = {921F93B7-4064-427E-BE3E-BEF53C4EB0B9}
		{1C71DDFC-E26A-4678-8195-B5C6BFC9F132} = {49FA3FBE-5936-4046-83CA-7309D8F04548}
		{AD22F13E-BBDD-4DDD-94CC-72F02FEDC72D} = {CC07895B-78DF-4DE7-94E8-27644905E089}
		{97AF480C-AEE1-416A-A6D8-32293F514D22} = {AD22F13E-BBDD-4DDD-94CC-72F02FEDC72D}
		{DDBD63A2-1346-4E6B-BDE7-B7EE6764EF1D} = {AD22F13E-BBDD-4DDD-94CC-72F02FEDC72D}
		{03446A88-237D-4ECE-A933-AC480EE0C72B} = {97AF480C-AEE1-416A-A6D8-32293F514D22}
	EndGlobalSection
	GlobalSection(ExtensibilityGlobals) = postSolution
		SolutionGuid = {79F46B28-8DBD-4443-BB9F-E427BFA8CBF0}
	EndGlobalSection
EndGlobal
